
Microsoft Visual Studio Solution File, Format Version 12.00
# Visual Studio Version 17
VisualStudioVersion = 17.0.32126.317
MinimumVisualStudioVersion = 10.0.40219.1
Project("{FAE04EC0-301F-11D3-BF4B-00C04F79EFBC}") = "JSON_Generator", "JSON_Generator\JSON_Generator.csproj", "{4C1283FD-7763-4149-9612-1CADEEB283C2}"
EndProject
Global
	GlobalSection(SolutionConfigurationPlatforms) = preSolution
		Debug|Any CPU = Debug|Any CPU
		Release|Any CPU = Release|Any CPU
	EndGlobalSection
	GlobalSection(ProjectConfigurationPlatforms) = postSolution
		{4C1283FD-7763-4149-9612-1CADEEB283C2}.Debug|Any CPU.ActiveCfg = Debug|Any CPU
		{4C1283FD-7763-4149-9612-1CADEEB283C2}.Debug|Any CPU.Build.0 = Debug|Any CPU
		{4C1283FD-7763-4149-9612-1CADEEB283C2}.Release|Any CPU.ActiveCfg = Release|Any CPU
		{4C1283FD-7763-4149-9612-1CADEEB283C2}.Release|Any CPU.Build.0 = Release|Any CPU
	EndGlobalSection
	GlobalSection(SolutionProperties) = preSolution
		HideSolutionNode = FALSE
	EndGlobalSection
	GlobalSection(ExtensibilityGlobals) = postSolution
		SolutionGuid = {AABD2DC0-B5C5-4CC0-B05D-01CE721F8D2E}
	EndGlobalSection
EndGlobal
